
Microsoft Visual Studio Solution File, Format Version 12.00
# Visual Studio 15
Project("{FAE04EC0-301F-11D3-BF4B-00C04F79EFBC}") = "Leap", "Leap.csproj", "{19E1A8AD-66E4-4F7A-9142-81222DCCF7CA}"
EndProject
Global
	GlobalSection(SolutionConfigurationPlatforms) = preSolution
		Debug|Any CPU = Debug|Any CPU
		Release|Any CPU = Release|Any CPU
	EndGlobalSection
	GlobalSection(ProjectConfigurationPlatforms) = postSolution
		{19E1A8AD-66E4-4F7A-9142-81222DCCF7CA}.Debug|Any CPU.ActiveCfg = Debug|Any CPU
		{19E1A8AD-66E4-4F7A-9142-81222DCCF7CA}.Debug|Any CPU.Build.0 = Debug|Any CPU
		{19E1A8AD-66E4-4F7A-9142-81222DCCF7CA}.Release|Any CPU.ActiveCfg = Release|Any CPU
		{19E1A8AD-66E4-4F7A-9142-81222DCCF7CA}.Release|Any CPU.Build.0 = Release|Any CPU
	EndGlobalSection
EndGlobal
